// !$*UTF8*$!
{
	archiveVersion = 1;
	classes = {
	};
	objectVersion = 48;
	objects = {

/* Begin PBXBuildFile section */
		FB787ABB213474EB0055E420 /* AnalyticsService.swift in Sources */ = {isa = PBXBuildFile; fileRef = FB787ABA213474EB0055E420 /* AnalyticsService.swift */; };
		FB787ABD213475E00055E420 /* LocalAnalyticsService.swift in Sources */ = {isa = PBXBuildFile; fileRef = FB787ABC213475E00055E420 /* LocalAnalyticsService.swift */; };
		FBA77AE921307BC2001B5F22 /* AppDelegate.swift in Sources */ = {isa = PBXBuildFile; fileRef = FBA77AE821307BC2001B5F22 /* AppDelegate.swift */; };
		FBA77AEB21307BC2001B5F22 /* MasterViewController.swift in Sources */ = {isa = PBXBuildFile; fileRef = FBA77AEA21307BC2001B5F22 /* MasterViewController.swift */; };
		FBA77AED21307BC2001B5F22 /* DetailViewController.swift in Sources */ = {isa = PBXBuildFile; fileRef = FBA77AEC21307BC2001B5F22 /* DetailViewController.swift */; };
		FBA77AF021307BC2001B5F22 /* Main.storyboard in Resources */ = {isa = PBXBuildFile; fileRef = FBA77AEE21307BC2001B5F22 /* Main.storyboard */; };
		FBA77AF221307BC2001B5F22 /* Assets.xcassets in Resources */ = {isa = PBXBuildFile; fileRef = FBA77AF121307BC2001B5F22 /* Assets.xcassets */; };
		FBA77AF521307BC2001B5F22 /* LaunchScreen.storyboard in Resources */ = {isa = PBXBuildFile; fileRef = FBA77AF321307BC2001B5F22 /* LaunchScreen.storyboard */; };
		FBA77AFF21307F6C001B5F22 /* Note.swift in Sources */ = {isa = PBXBuildFile; fileRef = FBA77AFE21307F6C001B5F22 /* Note.swift */; };
		FBA77B0121307F90001B5F22 /* DataService.swift in Sources */ = {isa = PBXBuildFile; fileRef = FBA77B0021307F90001B5F22 /* DataService.swift */; };
		FBA77B03213080FE001B5F22 /* MockDataService.swift in Sources */ = {isa = PBXBuildFile; fileRef = FBA77B02213080FE001B5F22 /* MockDataService.swift */; };
/* End PBXBuildFile section */

/* Begin PBXFileReference section */
		FB787ABA213474EB0055E420 /* AnalyticsService.swift */ = {isa = PBXFileReference; lastKnownFileType = sourcecode.swift; path = AnalyticsService.swift; sourceTree = "<group>"; };
		FB787ABC213475E00055E420 /* LocalAnalyticsService.swift */ = {isa = PBXFileReference; lastKnownFileType = sourcecode.swift; path = LocalAnalyticsService.swift; sourceTree = "<group>"; };
		FBA77AE521307BC2001B5F22 /* MyNotes.app */ = {isa = PBXFileReference; explicitFileType = wrapper.application; includeInIndex = 0; path = MyNotes.app; sourceTree = BUILT_PRODUCTS_DIR; };
		FBA77AE821307BC2001B5F22 /* AppDelegate.swift */ = {isa = PBXFileReference; lastKnownFileType = sourcecode.swift; path = AppDelegate.swift; sourceTree = "<group>"; };
		FBA77AEA21307BC2001B5F22 /* MasterViewController.swift */ = {isa = PBXFileReference; lastKnownFileType = sourcecode.swift; path = MasterViewController.swift; sourceTree = "<group>"; };
		FBA77AEC21307BC2001B5F22 /* DetailViewController.swift */ = {isa = PBXFileReference; lastKnownFileType = sourcecode.swift; path = DetailViewController.swift; sourceTree = "<group>"; };
		FBA77AEF21307BC2001B5F22 /* Base */ = {isa = PBXFileReference; lastKnownFileType = file.storyboard; name = Base; path = Base.lproj/Main.storyboard; sourceTree = "<group>"; };
		FBA77AF121307BC2001B5F22 /* Assets.xcassets */ = {isa = PBXFileReference; lastKnownFileType = folder.assetcatalog; path = Assets.xcassets; sourceTree = "<group>"; };
		FBA77AF421307BC2001B5F22 /* Base */ = {isa = PBXFileReference; lastKnownFileType = file.storyboard; name = Base; path = Base.lproj/LaunchScreen.storyboard; sourceTree = "<group>"; };
		FBA77AF621307BC2001B5F22 /* Info.plist */ = {isa = PBXFileReference; lastKnownFileType = text.plist.xml; path = Info.plist; sourceTree = "<group>"; };
		FBA77AFE21307F6C001B5F22 /* Note.swift */ = {isa = PBXFileReference; lastKnownFileType = sourcecode.swift; path = Note.swift; sourceTree = "<group>"; };
		FBA77B0021307F90001B5F22 /* DataService.swift */ = {isa = PBXFileReference; lastKnownFileType = sourcecode.swift; path = DataService.swift; sourceTree = "<group>"; };
		FBA77B02213080FE001B5F22 /* MockDataService.swift */ = {isa = PBXFileReference; lastKnownFileType = sourcecode.swift; path = MockDataService.swift; sourceTree = "<group>"; };
/* End PBXFileReference section */

/* Begin PBXFrameworksBuildPhase section */
		FBA77AE221307BC2001B5F22 /* Frameworks */ = {
			isa = PBXFrameworksBuildPhase;
			buildActionMask = 2147483647;
			files = (
			);
			runOnlyForDeploymentPostprocessing = 0;
		};
/* End PBXFrameworksBuildPhase section */

/* Begin PBXGroup section */
		FBA77ADC21307BC2001B5F22 = {
			isa = PBXGroup;
			children = (
				FBA77AE721307BC2001B5F22 /* MyNotes */,
				FBA77AE621307BC2001B5F22 /* Products */,
			);
			sourceTree = "<group>";
		};
		FBA77AE621307BC2001B5F22 /* Products */ = {
			isa = PBXGroup;
			children = (
				FBA77AE521307BC2001B5F22 /* MyNotes.app */,
			);
			name = Products;
			sourceTree = "<group>";
		};
		FBA77AE721307BC2001B5F22 /* MyNotes */ = {
			isa = PBXGroup;
			children = (
				FBA77AE821307BC2001B5F22 /* AppDelegate.swift */,
				FBA77AEA21307BC2001B5F22 /* MasterViewController.swift */,
				FBA77AEC21307BC2001B5F22 /* DetailViewController.swift */,
				FBA77AEE21307BC2001B5F22 /* Main.storyboard */,
				FBA77AF121307BC2001B5F22 /* Assets.xcassets */,
				FBA77AF321307BC2001B5F22 /* LaunchScreen.storyboard */,
				FBA77AF621307BC2001B5F22 /* Info.plist */,
				FBA77AFE21307F6C001B5F22 /* Note.swift */,
				FBA77B0021307F90001B5F22 /* DataService.swift */,
				FBA77B02213080FE001B5F22 /* MockDataService.swift */,
				FB787ABA213474EB0055E420 /* AnalyticsService.swift */,
				FB787ABC213475E00055E420 /* LocalAnalyticsService.swift */,
			);
			path = MyNotes;
			sourceTree = "<group>";
		};
/* End PBXGroup section */

/* Begin PBXNativeTarget section */
		FBA77AE421307BC2001B5F22 /* MyNotes */ = {
			isa = PBXNativeTarget;
			buildConfigurationList = FBA77AF921307BC2001B5F22 /* Build configuration list for PBXNativeTarget "MyNotes" */;
			buildPhases = (
				FBA77AE121307BC2001B5F22 /* Sources */,
				FBA77AE221307BC2001B5F22 /* Frameworks */,
				FBA77AE321307BC2001B5F22 /* Resources */,
			);
			buildRules = (
			);
			dependencies = (
			);
			name = MyNotes;
			productName = MyNotes;
			productReference = FBA77AE521307BC2001B5F22 /* MyNotes.app */;
			productType = "com.apple.product-type.application";
		};
/* End PBXNativeTarget section */

/* Begin PBXProject section */
		FBA77ADD21307BC2001B5F22 /* Project object */ = {
			isa = PBXProject;
			attributes = {
				LastSwiftUpdateCheck = 0920;
				LastUpgradeCheck = 0940;
				ORGANIZATIONNAME = "Hall, Adrian";
				TargetAttributes = {
					FBA77AE421307BC2001B5F22 = {
						CreatedOnToolsVersion = 9.2;
						ProvisioningStyle = Automatic;
					};
				};
			};
			buildConfigurationList = FBA77AE021307BC2001B5F22 /* Build configuration list for PBXProject "MyNotes" */;
			compatibilityVersion = "Xcode 8.0";
			developmentRegion = en;
			hasScannedForEncodings = 0;
			knownRegions = (
				en,
				Base,
			);
			mainGroup = FBA77ADC21307BC2001B5F22;
			productRefGroup = FBA77AE621307BC2001B5F22 /* Products */;
			projectDirPath = "";
			projectRoot = "";
			targets = (
				FBA77AE421307BC2001B5F22 /* MyNotes */,
			);
		};
/* End PBXProject section */

/* Begin PBXResourcesBuildPhase section */
		FBA77AE321307BC2001B5F22 /* Resources */ = {
			isa = PBXResourcesBuildPhase;
			buildActionMask = 2147483647;
			files = (
				FBA77AF521307BC2001B5F22 /* LaunchScreen.storyboard in Resources */,
				FBA77AF221307BC2001B5F22 /* Assets.xcassets in Resources */,
				FBA77AF021307BC2001B5F22 /* Main.storyboard in Resources */,
			);
			runOnlyForDeploymentPostprocessing = 0;
		};
/* End PBXResourcesBuildPhase section */

/* Begin PBXSourcesBuildPhase section */
		FBA77AE121307BC2001B5F22 /* Sources */ = {
			isa = PBXSourcesBuildPhase;
			buildActionMask = 2147483647;
			files = (
				FBA77AED21307BC2001B5F22 /* DetailViewController.swift in Sources */,
				FBA77AEB21307BC2001B5F22 /* MasterViewController.swift in Sources */,
				FB787ABD213475E00055E420 /* LocalAnalyticsService.swift in Sources */,
				FBA77AE921307BC2001B5F22 /* AppDelegate.swift in Sources */,
				FBA77AFF21307F6C001B5F22 /* Note.swift in Sources */,
				FBA77B0121307F90001B5F22 /* DataService.swift in Sources */,
				FB787ABB213474EB0055E420 /* AnalyticsService.swift in Sources */,
				FBA77B03213080FE001B5F22 /* MockDataService.swift in Sources */,
			);
			runOnlyForDeploymentPostprocessing = 0;
		};
/* End PBXSourcesBuildPhase section */

/* Begin PBXVariantGroup section */
		FBA77AEE21307BC2001B5F22 /* Main.storyboard */ = {
			isa = PBXVariantGroup;
			children = (
				FBA77AEF21307BC2001B5F22 /* Base */,
			);
			name = Main.storyboard;
			sourceTree = "<group>";
		};
		FBA77AF321307BC2001B5F22 /* LaunchScreen.storyboard */ = {
			isa = PBXVariantGroup;
			children = (
				FBA77AF421307BC2001B5F22 /* Base */,
			);
			name = LaunchScreen.storyboard;
			sourceTree = "<group>";
		};
/* End PBXVariantGroup section */

/* Begin XCBuildConfiguration section */
		FBA77AF721307BC2001B5F22 /* Debug */ = {
			isa = XCBuildConfiguration;
			buildSettings = {
				ALWAYS_SEARCH_USER_PATHS = NO;
				CLANG_ANALYZER_NONNULL = YES;
				CLANG_ANALYZER_NUMBER_OBJECT_CONVERSION = YES_AGGRESSIVE;
				CLANG_CXX_LANGUAGE_STANDARD = "gnu++14";
				CLANG_CXX_LIBRARY = "libc++";
				CLANG_ENABLE_MODULES = YES;
				CLANG_ENABLE_OBJC_ARC = YES;
				CLANG_WARN_BLOCK_CAPTURE_AUTORELEASING = YES;
				CLANG_WARN_BOOL_CONVERSION = YES;
				CLANG_WARN_COMMA = YES;
				CLANG_WARN_CONSTANT_CONVERSION = YES;
				CLANG_WARN_DEPRECATED_OBJC_IMPLEMENTATIONS = YES;
				CLANG_WARN_DIRECT_OBJC_ISA_USAGE = YES_ERROR;
				CLANG_WARN_DOCUMENTATION_COMMENTS = YES;
				CLANG_WARN_EMPTY_BODY = YES;
				CLANG_WARN_ENUM_CONVERSION = YES;
				CLANG_WARN_INFINITE_RECURSION = YES;
				CLANG_WARN_INT_CONVERSION = YES;
				CLANG_WARN_NON_LITERAL_NULL_CONVERSION = YES;
				CLANG_WARN_OBJC_IMPLICIT_RETAIN_SELF = YES;
				CLANG_WARN_OBJC_LITERAL_CONVERSION = YES;
				CLANG_WARN_OBJC_ROOT_CLASS = YES_ERROR;
				CLANG_WARN_RANGE_LOOP_ANALYSIS = YES;
				CLANG_WARN_STRICT_PROTOTYPES = YES;
				CLANG_WARN_SUSPICIOUS_MOVE = YES;
				CLANG_WARN_UNGUARDED_AVAILABILITY = YES_AGGRESSIVE;
				CLANG_WARN_UNREACHABLE_CODE = YES;
				CLANG_WARN__DUPLICATE_METHOD_MATCH = YES;
				CODE_SIGN_IDENTITY = "iPhone Developer";
				COPY_PHASE_STRIP = NO;
				DEBUG_INFORMATION_FORMAT = dwarf;
				ENABLE_STRICT_OBJC_MSGSEND = YES;
				ENABLE_TESTABILITY = YES;
				GCC_C_LANGUAGE_STANDARD = gnu11;
				GCC_DYNAMIC_NO_PIC = NO;
				GCC_NO_COMMON_BLOCKS = YES;
				GCC_OPTIMIZATION_LEVEL = 0;
				GCC_PREPROCESSOR_DEFINITIONS = (
					"DEBUG=1",
					"$(inherited)",
				);
				GCC_WARN_64_TO_32_BIT_CONVERSION = YES;
				GCC_WARN_ABOUT_RETURN_TYPE = YES_ERROR;
				GCC_WARN_UNDECLARED_SELECTOR = YES;
				GCC_WARN_UNINITIALIZED_AUTOS = YES_AGGRESSIVE;
				GCC_WARN_UNUSED_FUNCTION = YES;
				GCC_WARN_UNUSED_VARIABLE = YES;
				IPHONEOS_DEPLOYMENT_TARGET = 11.2;
				MTL_ENABLE_DEBUG_INFO = YES;
				ONLY_ACTIVE_ARCH = YES;
				SDKROOT = iphoneos;
				SWIFT_ACTIVE_COMPILATION_CONDITIONS = DEBUG;
				SWIFT_OPTIMIZATION_LEVEL = "-Onone";
			};
			name = Debug;
		};
		FBA77AF821307BC2001B5F22 /* Release */ = {
			isa = XCBuildConfiguration;
			buildSettings = {
				ALWAYS_SEARCH_USER_PATHS = NO;
				CLANG_ANALYZER_NONNULL = YES;
				CLANG_ANALYZER_NUMBER_OBJECT_CONVERSION = YES_AGGRESSIVE;
				CLANG_CXX_LANGUAGE_STANDARD = "gnu++14";
				CLANG_CXX_LIBRARY = "libc++";
				CLANG_ENABLE_MODULES = YES;
				CLANG_ENABLE_OBJC_ARC = YES;
				CLANG_WARN_BLOCK_CAPTURE_AUTORELEASING = YES;
				CLANG_WARN_BOOL_CONVERSION = YES;
				CLANG_WARN_COMMA = YES;
				CLANG_WARN_CONSTANT_CONVERSION = YES;
				CLANG_WARN_DEPRECATED_OBJC_IMPLEMENTATIONS = YES;
				CLANG_WARN_DIRECT_OBJC_ISA_USAGE = YES_ERROR;
				CLANG_WARN_DOCUMENTATION_COMMENTS = YES;
				CLANG_WARN_EMPTY_BODY = YES;
				CLANG_WARN_ENUM_CONVERSION = YES;
				CLANG_WARN_INFINITE_RECURSION = YES;
				CLANG_WARN_INT_CONVERSION = YES;
				CLANG_WARN_NON_LITERAL_NULL_CONVERSION = YES;
				CLANG_WARN_OBJC_IMPLICIT_RETAIN_SELF = YES;
				CLANG_WARN_OBJC_LITERAL_CONVERSION = YES;
				CLANG_WARN_OBJC_ROOT_CLASS = YES_ERROR;
				CLANG_WARN_RANGE_LOOP_ANALYSIS = YES;
				CLANG_WARN_STRICT_PROTOTYPES = YES;
				CLANG_WARN_SUSPICIOUS_MOVE = YES;
				CLANG_WARN_UNGUARDED_AVAILABILITY = YES_AGGRESSIVE;
				CLANG_WARN_UNREACHABLE_CODE = YES;
				CLANG_WARN__DUPLICATE_METHOD_MATCH = YES;
				CODE_SIGN_IDENTITY = "iPhone Developer";
				COPY_PHASE_STRIP = NO;
				DEBUG_INFORMATION_FORMAT = "dwarf-with-dsym";
				ENABLE_NS_ASSERTIONS = NO;
				ENABLE_STRICT_OBJC_MSGSEND = YES;
				GCC_C_LANGUAGE_STANDARD = gnu11;
				GCC_NO_COMMON_BLOCKS = YES;
				GCC_WARN_64_TO_32_BIT_CONVERSION = YES;
				GCC_WARN_ABOUT_RETURN_TYPE = YES_ERROR;
				GCC_WARN_UNDECLARED_SELECTOR = YES;
				GCC_WARN_UNINITIALIZED_AUTOS = YES_AGGRESSIVE;
				GCC_WARN_UNUSED_FUNCTION = YES;
				GCC_WARN_UNUSED_VARIABLE = YES;
				IPHONEOS_DEPLOYMENT_TARGET = 11.2;
				MTL_ENABLE_DEBUG_INFO = NO;
				SDKROOT = iphoneos;
				SWIFT_OPTIMIZATION_LEVEL = "-Owholemodule";
				VALIDATE_PRODUCT = YES;
			};
			name = Release;
		};
		FBA77AFA21307BC2001B5F22 /* Debug */ = {
			isa = XCBuildConfiguration;
			buildSettings = {
				ASSETCATALOG_COMPILER_APPICON_NAME = AppIcon;
				CODE_SIGN_STYLE = Automatic;
				DEVELOPMENT_TEAM = "";
				INFOPLIST_FILE = MyNotes/Info.plist;
				IPHONEOS_DEPLOYMENT_TARGET = 11.0;
				LD_RUNPATH_SEARCH_PATHS = "$(inherited) @executable_path/Frameworks";
				PRODUCT_BUNDLE_IDENTIFIER = com.amazonaws.mobile.samples.MyNotes;
				PRODUCT_NAME = "$(TARGET_NAME)";
				SWIFT_VERSION = 4.0;
				TARGETED_DEVICE_FAMILY = "1,2";
			};
			name = Debug;
		};
		FBA77AFB21307BC2001B5F22 /* Release */ = {
			isa = XCBuildConfiguration;
			buildSettings = {
				ASSETCATALOG_COMPILER_APPICON_NAME = AppIcon;
				CODE_SIGN_STYLE = Automatic;
				DEVELOPMENT_TEAM = "";
				INFOPLIST_FILE = MyNotes/Info.plist;
				IPHONEOS_DEPLOYMENT_TARGET = 11.0;
				LD_RUNPATH_SEARCH_PATHS = "$(inherited) @executable_path/Frameworks";
				PRODUCT_BUNDLE_IDENTIFIER = com.amazonaws.mobile.samples.MyNotes;
				PRODUCT_NAME = "$(TARGET_NAME)";
				SWIFT_VERSION = 4.0;
				TARGETED_DEVICE_FAMILY = "1,2";
			};
			name = Release;
		};
/* End XCBuildConfiguration section */

/* Begin XCConfigurationList section */
		FBA77AE021307BC2001B5F22 /* Build configuration list for PBXProject "MyNotes" */ = {
			isa = XCConfigurationList;
			buildConfigurations = (
				FBA77AF721307BC2001B5F22 /* Debug */,
				FBA77AF821307BC2001B5F22 /* Release */,
			);
			defaultConfigurationIsVisible = 0;
			defaultConfigurationName = Release;
		};
		FBA77AF921307BC2001B5F22 /* Build configuration list for PBXNativeTarget "MyNotes" */ = {
			isa = XCConfigurationList;
			buildConfigurations = (
				FBA77AFA21307BC2001B5F22 /* Debug */,
				FBA77AFB21307BC2001B5F22 /* Release */,
			);
			defaultConfigurationIsVisible = 0;
			defaultConfigurationName = Release;
		};
/* End XCConfigurationList section */
	};
	rootObject = FBA77ADD21307BC2001B5F22 /* Project object */;
}
